
Microsoft Visual Studio Solution File, Format Version 12.00
# Visual Studio Version 17
VisualStudioVersion = 17.14.36616.10 d17.14
MinimumVisualStudioVersion = 10.0.40219.1
Project("{FAE04EC0-301F-11D3-BF4B-00C04F79EFBC}") = "lab8", "lab8\lab8.csproj", "{EC55395C-E1BB-4004-ABAC-99B32DB66EDE}"
EndProject
Global
	GlobalSection(SolutionConfigurationPlatforms) = preSolution
		Debug|Any CPU = Debug|Any CPU
		Release|Any CPU = Release|Any CPU
	EndGlobalSection
	GlobalSection(ProjectConfigurationPlatforms) = postSolution
		{EC55395C-E1BB-4004-ABAC-99B32DB66EDE}.Debug|Any CPU.ActiveCfg = Debug|Any CPU
		{EC55395C-E1BB-4004-ABAC-99B32DB66EDE}.Debug|Any CPU.Build.0 = Debug|Any CPU
		{EC55395C-E1BB-4004-ABAC-99B32DB66EDE}.Release|Any CPU.ActiveCfg = Release|Any CPU
		{EC55395C-E1BB-4004-ABAC-99B32DB66EDE}.Release|Any CPU.Build.0 = Release|Any CPU
	EndGlobalSection
	GlobalSection(SolutionProperties) = preSolution
		HideSolutionNode = FALSE
	EndGlobalSection
	GlobalSection(ExtensibilityGlobals) = postSolution
		SolutionGuid = {A1EA6FF6-C862-4F01-923B-CD8E17E9CC60}
	EndGlobalSection
EndGlobal
